{
  "lockfile_version": "1",
  "packages": {
    "direnv@2.37.1": {
      "last_modified": "2025-07-21T09:58:03Z",
      "resolved": "github:NixOS/nixpkgs/2baf8e1658cba84a032c3a8befb1e7b06629242a#direnv",
      "source": "devbox-search",
      "version": "2.37.1",
      "systems": {
        "aarch64-darwin": {
          "outputs": [
            {
              "name": "out",
              "path": "/nix/store/2yxm2j7kwmjvvjph8x2mmfhmzhaj1y5c-direnv-2.37.1",
              "default": true
            }
          ],
          "store_path": "/nix/store/2yxm2j7kwmjvvjph8x2mmfhmzhaj1y5c-direnv-2.37.1"
        },
        "aarch64-linux": {
          "outputs": [
            {
              "name": "out",
              "path": "/nix/store/8dfqhbnfc65fv4rxpjp2knvsc0c2h7f7-direnv-2.37.1",
              "default": true
            }
          ],
          "store_path": "/nix/store/8dfqhbnfc65fv4rxpjp2knvsc0c2h7f7-direnv-2.37.1"
        },
        "x86_64-darwin": {
          "outputs": [
            {
              "name": "out",
              "path": "/nix/store/sl2ay9dwylk2nvyxsg2kpcclhahgzhnb-direnv-2.37.1",
              "default": true
            }
          ],
          "store_path": "/nix/store/sl2ay9dwylk2nvyxsg2kpcclhahgzhnb-direnv-2.37.1"
        },
        "x86_64-linux": {
          "outputs": [
            {
              "name": "out",
              "path": "/nix/store/cayixg88lflclgcwjlc21bih648in6ff-direnv-2.37.1",
              "default": true
            }
          ],
          "store_path": "/nix/store/cayixg88lflclgcwjlc21bih648in6ff-direnv-2.37.1"
        }
      }
    },
    "github:NixOS/nixpkgs/nixpkgs-unstable": {
      "resolved": "github:NixOS/nixpkgs/3549532663732bfd89993204d40543e9edaec4f2?lastModified=1742272065&narHash=sha256-ud8vcSzJsZ%2FCK%2Br8%2Fv0lyf4yUntVmDq6Z0A41ODfWbE%3D"
    },
    "gitleaks@8.28.0": {
      "last_modified": "2025-10-22T20:59:19Z",
      "resolved": "github:NixOS/nixpkgs/01b6809f7f9d1183a2b3e081f0a1e6f8f415cb09#gitleaks",
      "source": "devbox-search",
      "version": "8.28.0",
      "systems": {
        "aarch64-darwin": {
          "outputs": [
            {
              "name": "out",
              "path": "/nix/store/lvhvhm54k8j6vgcsn2iqhlr3z4imh88x-gitleaks-8.28.0",
              "default": true
            }
          ],
          "store_path": "/nix/store/lvhvhm54k8j6vgcsn2iqhlr3z4imh88x-gitleaks-8.28.0"
        },
        "aarch64-linux": {
          "outputs": [
            {
              "name": "out",
              "path": "/nix/store/6jm4cp62qhq1kzwgl8pdnvhi8kqqz05f-gitleaks-8.28.0",
              "default": true
            }
          ],
          "store_path": "/nix/store/6jm4cp62qhq1kzwgl8pdnvhi8kqqz05f-gitleaks-8.28.0"
        },
        "x86_64-darwin": {
          "outputs": [
            {
              "name": "out",
              "path": "/nix/store/rywmp57z5yi7faarsl00kg5ja0h8nn83-gitleaks-8.28.0",
              "default": true
            }
          ],
          "store_path": "/nix/store/rywmp57z5yi7faarsl00kg5ja0h8nn83-gitleaks-8.28.0"
        },
        "x86_64-linux": {
          "outputs": [
            {
              "name": "out",
              "path": "/nix/store/n57sbg8d4nvxqa40nl9a5dib1smpqim3-gitleaks-8.28.0",
              "default": true
            }
          ],
          "store_path": "/nix/store/n57sbg8d4nvxqa40nl9a5dib1smpqim3-gitleaks-8.28.0"
        }
      }
    },
    "go-task@3.45.4": {
      "last_modified": "2025-10-22T20:59:19Z",
      "resolved": "github:NixOS/nixpkgs/01b6809f7f9d1183a2b3e081f0a1e6f8f415cb09#go-task",
      "source": "devbox-search",
      "version": "3.45.4",
      "systems": {
        "aarch64-darwin": {
          "outputs": [
            {
              "name": "out",
              "path": "/nix/store/mj7zghvnya1rl3gw3l8ll91qah5v9rxv-go-task-3.45.4",
              "default": true
            }
          ],
          "store_path": "/nix/store/mj7zghvnya1rl3gw3l8ll91qah5v9rxv-go-task-3.45.4"
        },
        "aarch64-linux": {
          "outputs": [
            {
              "name": "out",
              "path": "/nix/store/2rvk0icfridcj5035f0n05bbgs30y5pb-go-task-3.45.4",
              "default": true
            }
          ],
          "store_path": "/nix/store/2rvk0icfridcj5035f0n05bbgs30y5pb-go-task-3.45.4"
        },
        "x86_64-darwin": {
          "outputs": [
            {
              "name": "out",
              "path": "/nix/store/3n1f9c46z5vkvybghn9mp56iccxqghg6-go-task-3.45.4",
              "default": true
            }
          ],
          "store_path": "/nix/store/3n1f9c46z5vkvybghn9mp56iccxqghg6-go-task-3.45.4"
        },
        "x86_64-linux": {
          "outputs": [
            {
              "name": "out",
              "path": "/nix/store/sbhyd09c4nsdlg62mp4g4d6z0hga6f9z-go-task-3.45.4",
              "default": true
            }
          ],
          "store_path": "/nix/store/sbhyd09c4nsdlg62mp4g4d6z0hga6f9z-go-task-3.45.4"
        }
      }
    },
    "pre-commit@4.3.0": {
      "last_modified": "2025-09-18T16:33:27Z",
      "resolved": "github:NixOS/nixpkgs/f4b140d5b253f5e2a1ff4e5506edbf8267724bde#pre-commit",
      "source": "devbox-search",
      "version": "4.3.0",
      "systems": {
        "aarch64-darwin": {
          "outputs": [
            {
              "name": "out",
              "path": "/nix/store/i2y7jkijwc5f0ly9w7pb5nsnib2mlm3v-pre-commit-4.3.0",
              "default": true
            },
            {
              "name": "dist",
              "path": "/nix/store/r65b8k7p52fcw1lnaw560wnswn7sq5l9-pre-commit-4.3.0-dist"
            }
          ],
          "store_path": "/nix/store/i2y7jkijwc5f0ly9w7pb5nsnib2mlm3v-pre-commit-4.3.0"
        },
        "aarch64-linux": {
          "outputs": [
            {
              "name": "out",
              "path": "/nix/store/053lk2khq3v7p8sqx84whzhlb429g6gm-pre-commit-4.3.0",
              "default": true
            },
            {
              "name": "dist",
              "path": "/nix/store/dfm1bdbsvw4qd214972h81fw8g5fpdjc-pre-commit-4.3.0-dist"
            }
          ],
          "store_path": "/nix/store/053lk2khq3v7p8sqx84whzhlb429g6gm-pre-commit-4.3.0"
        },
        "x86_64-darwin": {
          "outputs": [
            {
              "name": "out",
              "path": "/nix/store/j79nsa5j79wmq3jf4kwizaldr5fm82mv-pre-commit-4.3.0",
              "default": true
            },
            {
              "name": "dist",
              "path": "/nix/store/drb2rm5vz0632ydd6m4xwkpcj6j01w4q-pre-commit-4.3.0-dist"
            }
          ],
          "store_path": "/nix/store/j79nsa5j79wmq3jf4kwizaldr5fm82mv-pre-commit-4.3.0"
        },
        "x86_64-linux": {
          "outputs": [
            {
              "name": "out",
              "path": "/nix/store/0ybak1vc0vafqfy5dwyb5biaxr98f3kn-pre-commit-4.3.0",
              "default": true
            },
            {
              "name": "dist",
              "path": "/nix/store/7ni86x0z72zq3r5kyyixy52vsgz8rn3g-pre-commit-4.3.0-dist"
            }
          ],
          "store_path": "/nix/store/0ybak1vc0vafqfy5dwyb5biaxr98f3kn-pre-commit-4.3.0"
        }
      }
    },
    "yamllint@1.37.1": {
      "last_modified": "2025-10-22T20:59:19Z",
      "resolved": "github:NixOS/nixpkgs/01b6809f7f9d1183a2b3e081f0a1e6f8f415cb09#yamllint",
      "source": "devbox-search",
      "version": "1.37.1",
      "systems": {
        "aarch64-darwin": {
          "outputs": [
            {
              "name": "out",
              "path": "/nix/store/2nlfbp5bi1xyvgn1bvzavxmzdid9h46q-python3.13-yamllint-1.37.1",
              "default": true
            },
            {
              "name": "dist",
              "path": "/nix/store/h83yb6wnzbilpzaigrwp3aiavscwkdb6-python3.13-yamllint-1.37.1-dist"
            }
          ],
          "store_path": "/nix/store/2nlfbp5bi1xyvgn1bvzavxmzdid9h46q-python3.13-yamllint-1.37.1"
        },
        "aarch64-linux": {
          "outputs": [
            {
              "name": "out",
              "path": "/nix/store/7v9ivrg5d8rxrdaqjwqvn37bsysng8vb-python3.13-yamllint-1.37.1",
              "default": true
            },
            {
              "name": "dist",
              "path": "/nix/store/fx325kif9i4l5a57ian244k9pqrkannr-python3.13-yamllint-1.37.1-dist"
            }
          ],
          "store_path": "/nix/store/7v9ivrg5d8rxrdaqjwqvn37bsysng8vb-python3.13-yamllint-1.37.1"
        },
        "x86_64-darwin": {
          "outputs": [
            {
              "name": "out",
              "path": "/nix/store/6fa9skx7c6gsahjp6w94x3hv303gsrbx-python3.13-yamllint-1.37.1",
              "default": true
            },
            {
              "name": "dist",
              "path": "/nix/store/6p2z3fqiarscxry99b3lph5kkplnxsrg-python3.13-yamllint-1.37.1-dist"
            }
          ],
          "store_path": "/nix/store/6fa9skx7c6gsahjp6w94x3hv303gsrbx-python3.13-yamllint-1.37.1"
        },
        "x86_64-linux": {
          "outputs": [
            {
              "name": "out",
              "path": "/nix/store/ivl3jbcdnykvq4mmkbz9i7gpw5b86k67-python3.13-yamllint-1.37.1",
              "default": true
            },
            {
              "name": "dist",
              "path": "/nix/store/rl4bv7wrmd9y343r08r9j3p6359zzah8-python3.13-yamllint-1.37.1-dist"
            }
          ],
          "store_path": "/nix/store/ivl3jbcdnykvq4mmkbz9i7gpw5b86k67-python3.13-yamllint-1.37.1"
        }
      }
    }
  }
}
